
Microsoft Visual Studio Solution File, Format Version 12.00
# Visual Studio Version 16
VisualStudioVersion = 16.0.30804.86
MinimumVisualStudioVersion = 10.0.40219.1
Project("{FAE04EC0-301F-11D3-BF4B-00C04F79EFBC}") = "CallCenter", "CallCenter\CallCenter.csproj", "{E61FFFFC-0CD3-4746-AE16-562F10205A29}"
EndProject
Global
	GlobalSection(SolutionConfigurationPlatforms) = preSolution
		Debug|Any CPU = Debug|Any CPU
		Release|Any CPU = Release|Any CPU
	EndGlobalSection
	GlobalSection(ProjectConfigurationPlatforms) = postSolution
		{E61FFFFC-0CD3-4746-AE16-562F10205A29}.Debug|Any CPU.ActiveCfg = Debug|Any CPU
		{E61FFFFC-0CD3-4746-AE16-562F10205A29}.Debug|Any CPU.Build.0 = Debug|Any CPU
		{E61FFFFC-0CD3-4746-AE16-562F10205A29}.Release|Any CPU.ActiveCfg = Release|Any CPU
		{E61FFFFC-0CD3-4746-AE16-562F10205A29}.Release|Any CPU.Build.0 = Release|Any CPU
	EndGlobalSection
	GlobalSection(SolutionProperties) = preSolution
		HideSolutionNode = FALSE
	EndGlobalSection
	GlobalSection(ExtensibilityGlobals) = postSolution
		SolutionGuid = {11FBA5F1-A422-45E3-912F-542579B60B14}
	EndGlobalSection
EndGlobal
