
Microsoft Visual Studio Solution File, Format Version 12.00
# Visual Studio Version 16
VisualStudioVersion = 16.0.30611.23
MinimumVisualStudioVersion = 10.0.40219.1
Project("{FAE04EC0-301F-11D3-BF4B-00C04F79EFBC}") = "DeckOfCards", "DeckOfCards\DeckOfCards.csproj", "{956E61CD-9F16-4E77-A2EE-5790EEF43609}"
EndProject
Global
	GlobalSection(SolutionConfigurationPlatforms) = preSolution
		Debug|Any CPU = Debug|Any CPU
		Release|Any CPU = Release|Any CPU
	EndGlobalSection
	GlobalSection(ProjectConfigurationPlatforms) = postSolution
		{956E61CD-9F16-4E77-A2EE-5790EEF43609}.Debug|Any CPU.ActiveCfg = Debug|Any CPU
		{956E61CD-9F16-4E77-A2EE-5790EEF43609}.Debug|Any CPU.Build.0 = Debug|Any CPU
		{956E61CD-9F16-4E77-A2EE-5790EEF43609}.Release|Any CPU.ActiveCfg = Release|Any CPU
		{956E61CD-9F16-4E77-A2EE-5790EEF43609}.Release|Any CPU.Build.0 = Release|Any CPU
	EndGlobalSection
	GlobalSection(SolutionProperties) = preSolution
		HideSolutionNode = FALSE
	EndGlobalSection
	GlobalSection(ExtensibilityGlobals) = postSolution
		SolutionGuid = {D82AE4F8-14DF-445B-8653-E930538A6D9D}
	EndGlobalSection
EndGlobal
